
Microsoft Visual Studio Solution File, Format Version 12.00
# Visual Studio Version 16
VisualStudioVersion = 16.0.29613.14
MinimumVisualStudioVersion = 10.0.40219.1
Project("{2150E333-8FDC-42A3-9474-1A3956D46DE8}") = "Services", "Services", "{EA777A76-C11D-473E-A97A-382489807E20}"
EndProject
Project("{2150E333-8FDC-42A3-9474-1A3956D46DE8}") = "SystemLayer", "SystemLayer", "{523A1EE6-E514-4D64-8279-4AF9A87AC7C9}"
EndProject
Project("{2150E333-8FDC-42A3-9474-1A3956D46DE8}") = "Employees", "Employees", "{1B269848-96CD-4CB0-B4BC-CA2B72DC850D}"
EndProject
Project("{9A19103F-16F7-4668-BE54-9A1E7A4F7556}") = "Employees.API", "src\Services\SystemLayer\Employees\Employees.API\Employees.API.csproj", "{48009792-D9CC-4AD9-BC1B-561B7C45261E}"
EndProject
Project("{E53339B2-1760-4266-BCC7-CA923CBCF16C}") = "docker-compose", "docker-compose.dcproj", "{C3ED6FB2-8B70-4C19-BE8A-1E5AC9E96787}"
EndProject
Project("{2150E333-8FDC-42A3-9474-1A3956D46DE8}") = "Skills", "Skills", "{83FE920B-602C-4BF6-8714-66159A87F5E0}"
EndProject
Project("{9A19103F-16F7-4668-BE54-9A1E7A4F7556}") = "Skills.API", "src\Services\SystemLayer\Skills\Skills.API\Skills.API.csproj", "{82704A53-6ED4-4681-A8EA-5DA660361738}"
EndProject
Project("{2150E333-8FDC-42A3-9474-1A3956D46DE8}") = "Crm", "Crm", "{B9471AE9-265C-47EB-83A1-9C36E3394C57}"
EndProject
Project("{2150E333-8FDC-42A3-9474-1A3956D46DE8}") = "Erp", "Erp", "{C455AF35-48E2-4E45-B9C3-26437010AA75}"
EndProject
Project("{9A19103F-16F7-4668-BE54-9A1E7A4F7556}") = "Crm.API", "src\Services\SystemLayer\Crm\Crm.API\Crm.API.csproj", "{0BE45681-E272-4909-87A7-CABF7F170BEA}"
EndProject
Project("{9A19103F-16F7-4668-BE54-9A1E7A4F7556}") = "Erp.API", "src\Services\SystemLayer\Erp\Erp.API\Erp.API.csproj", "{DBD527BE-7A52-4666-A550-F08DD5B2B187}"
EndProject
Project("{2150E333-8FDC-42A3-9474-1A3956D46DE8}") = "ProcessLayer", "ProcessLayer", "{EDEE58BF-E52F-44C4-A6C4-CD792FB1EF5C}"
EndProject
Project("{2150E333-8FDC-42A3-9474-1A3956D46DE8}") = "Opportunity", "Opportunity", "{6BA12967-2B9B-4884-A520-774188D06B86}"
EndProject
Project("{9A19103F-16F7-4668-BE54-9A1E7A4F7556}") = "Opportunity.API", "src\Services\ProcessLayer\Opportunity\Opportunity.API\Opportunity.API.csproj", "{D4C1FDDB-AFCD-4F0E-9F20-12EDEC5861E8}"
EndProject
Project("{2150E333-8FDC-42A3-9474-1A3956D46DE8}") = "Audit", "Audit", "{A6E15C78-1011-4B1E-852A-C1BE85B5F92E}"
EndProject
Project("{9A19103F-16F7-4668-BE54-9A1E7A4F7556}") = "Audit.API", "src\Services\ProcessLayer\Audit\Audit.API\Audit.API.csproj", "{AADD7406-9122-4D88-ADC3-8896BAF522EE}"
EndProject
Project("{2150E333-8FDC-42A3-9474-1A3956D46DE8}") = "ExperienceLayer", "ExperienceLayer", "{F366D73A-62B0-4F7C-BD12-D665922DF24D}"
EndProject
Project("{2150E333-8FDC-42A3-9474-1A3956D46DE8}") = "RequestForQuote", "RequestForQuote", "{A8CA16C7-BE54-4E5D-8735-979F48ED51F6}"
EndProject
Project("{9A19103F-16F7-4668-BE54-9A1E7A4F7556}") = "RequestForQuote.API", "src\Services\ExperienceLayer\RequestForQuote\RequestForQuote.API\RequestForQuote.API.csproj", "{9A5AA4C8-0A26-401C-B21C-1F18AB5A2FEB}"
EndProject
Project("{2150E333-8FDC-42A3-9474-1A3956D46DE8}") = "ApiGateways", "ApiGateways", "{A410139B-9BFE-439F-864B-85E811F03432}"
EndProject
Project("{FAE04EC0-301F-11D3-BF4B-00C04F79EFBC}") = "OcelotApiGateway", "src\Services\ApiGateways\OcelotApiGateway\OcelotApiGateway.csproj", "{09C2E93C-235E-4D74-8A17-371EAEDE2490}"
EndProject
Global
	GlobalSection(SolutionConfigurationPlatforms) = preSolution
		Debug|Any CPU = Debug|Any CPU
		Release|Any CPU = Release|Any CPU
	EndGlobalSection
	GlobalSection(ProjectConfigurationPlatforms) = postSolution
		{48009792-D9CC-4AD9-BC1B-561B7C45261E}.Debug|Any CPU.ActiveCfg = Debug|Any CPU
		{48009792-D9CC-4AD9-BC1B-561B7C45261E}.Debug|Any CPU.Build.0 = Debug|Any CPU
		{48009792-D9CC-4AD9-BC1B-561B7C45261E}.Release|Any CPU.ActiveCfg = Release|Any CPU
		{48009792-D9CC-4AD9-BC1B-561B7C45261E}.Release|Any CPU.Build.0 = Release|Any CPU
		{C3ED6FB2-8B70-4C19-BE8A-1E5AC9E96787}.Debug|Any CPU.ActiveCfg = Debug|Any CPU
		{C3ED6FB2-8B70-4C19-BE8A-1E5AC9E96787}.Debug|Any CPU.Build.0 = Debug|Any CPU
		{C3ED6FB2-8B70-4C19-BE8A-1E5AC9E96787}.Release|Any CPU.ActiveCfg = Release|Any CPU
		{C3ED6FB2-8B70-4C19-BE8A-1E5AC9E96787}.Release|Any CPU.Build.0 = Release|Any CPU
		{82704A53-6ED4-4681-A8EA-5DA660361738}.Debug|Any CPU.ActiveCfg = Debug|Any CPU
		{82704A53-6ED4-4681-A8EA-5DA660361738}.Debug|Any CPU.Build.0 = Debug|Any CPU
		{82704A53-6ED4-4681-A8EA-5DA660361738}.Release|Any CPU.ActiveCfg = Release|Any CPU
		{82704A53-6ED4-4681-A8EA-5DA660361738}.Release|Any CPU.Build.0 = Release|Any CPU
		{0BE45681-E272-4909-87A7-CABF7F170BEA}.Debug|Any CPU.ActiveCfg = Debug|Any CPU
		{0BE45681-E272-4909-87A7-CABF7F170BEA}.Debug|Any CPU.Build.0 = Debug|Any CPU
		{0BE45681-E272-4909-87A7-CABF7F170BEA}.Release|Any CPU.ActiveCfg = Release|Any CPU
		{0BE45681-E272-4909-87A7-CABF7F170BEA}.Release|Any CPU.Build.0 = Release|Any CPU
		{DBD527BE-7A52-4666-A550-F08DD5B2B187}.Debug|Any CPU.ActiveCfg = Debug|Any CPU
		{DBD527BE-7A52-4666-A550-F08DD5B2B187}.Debug|Any CPU.Build.0 = Debug|Any CPU
		{DBD527BE-7A52-4666-A550-F08DD5B2B187}.Release|Any CPU.ActiveCfg = Release|Any CPU
		{DBD527BE-7A52-4666-A550-F08DD5B2B187}.Release|Any CPU.Build.0 = Release|Any CPU
		{D4C1FDDB-AFCD-4F0E-9F20-12EDEC5861E8}.Debug|Any CPU.ActiveCfg = Debug|Any CPU
		{D4C1FDDB-AFCD-4F0E-9F20-12EDEC5861E8}.Debug|Any CPU.Build.0 = Debug|Any CPU
		{D4C1FDDB-AFCD-4F0E-9F20-12EDEC5861E8}.Release|Any CPU.ActiveCfg = Release|Any CPU
		{D4C1FDDB-AFCD-4F0E-9F20-12EDEC5861E8}.Release|Any CPU.Build.0 = Release|Any CPU
		{AADD7406-9122-4D88-ADC3-8896BAF522EE}.Debug|Any CPU.ActiveCfg = Debug|Any CPU
		{AADD7406-9122-4D88-ADC3-8896BAF522EE}.Debug|Any CPU.Build.0 = Debug|Any CPU
		{AADD7406-9122-4D88-ADC3-8896BAF522EE}.Release|Any CPU.ActiveCfg = Release|Any CPU
		{AADD7406-9122-4D88-ADC3-8896BAF522EE}.Release|Any CPU.Build.0 = Release|Any CPU
		{9A5AA4C8-0A26-401C-B21C-1F18AB5A2FEB}.Debug|Any CPU.ActiveCfg = Debug|Any CPU
		{9A5AA4C8-0A26-401C-B21C-1F18AB5A2FEB}.Debug|Any CPU.Build.0 = Debug|Any CPU
		{9A5AA4C8-0A26-401C-B21C-1F18AB5A2FEB}.Release|Any CPU.ActiveCfg = Release|Any CPU
		{9A5AA4C8-0A26-401C-B21C-1F18AB5A2FEB}.Release|Any CPU.Build.0 = Release|Any CPU
		{09C2E93C-235E-4D74-8A17-371EAEDE2490}.Debug|Any CPU.ActiveCfg = Debug|Any CPU
		{09C2E93C-235E-4D74-8A17-371EAEDE2490}.Debug|Any CPU.Build.0 = Debug|Any CPU
		{09C2E93C-235E-4D74-8A17-371EAEDE2490}.Release|Any CPU.ActiveCfg = Release|Any CPU
		{09C2E93C-235E-4D74-8A17-371EAEDE2490}.Release|Any CPU.Build.0 = Release|Any CPU
	EndGlobalSection
	GlobalSection(SolutionProperties) = preSolution
		HideSolutionNode = FALSE
	EndGlobalSection
	GlobalSection(NestedProjects) = preSolution
		{523A1EE6-E514-4D64-8279-4AF9A87AC7C9} = {EA777A76-C11D-473E-A97A-382489807E20}
		{1B269848-96CD-4CB0-B4BC-CA2B72DC850D} = {523A1EE6-E514-4D64-8279-4AF9A87AC7C9}
		{48009792-D9CC-4AD9-BC1B-561B7C45261E} = {1B269848-96CD-4CB0-B4BC-CA2B72DC850D}
		{83FE920B-602C-4BF6-8714-66159A87F5E0} = {523A1EE6-E514-4D64-8279-4AF9A87AC7C9}
		{82704A53-6ED4-4681-A8EA-5DA660361738} = {83FE920B-602C-4BF6-8714-66159A87F5E0}
		{B9471AE9-265C-47EB-83A1-9C36E3394C57} = {523A1EE6-E514-4D64-8279-4AF9A87AC7C9}
		{C455AF35-48E2-4E45-B9C3-26437010AA75} = {523A1EE6-E514-4D64-8279-4AF9A87AC7C9}
		{0BE45681-E272-4909-87A7-CABF7F170BEA} = {B9471AE9-265C-47EB-83A1-9C36E3394C57}
		{DBD527BE-7A52-4666-A550-F08DD5B2B187} = {C455AF35-48E2-4E45-B9C3-26437010AA75}
		{EDEE58BF-E52F-44C4-A6C4-CD792FB1EF5C} = {EA777A76-C11D-473E-A97A-382489807E20}
		{6BA12967-2B9B-4884-A520-774188D06B86} = {EDEE58BF-E52F-44C4-A6C4-CD792FB1EF5C}
		{D4C1FDDB-AFCD-4F0E-9F20-12EDEC5861E8} = {6BA12967-2B9B-4884-A520-774188D06B86}
		{A6E15C78-1011-4B1E-852A-C1BE85B5F92E} = {EDEE58BF-E52F-44C4-A6C4-CD792FB1EF5C}
		{AADD7406-9122-4D88-ADC3-8896BAF522EE} = {A6E15C78-1011-4B1E-852A-C1BE85B5F92E}
		{F366D73A-62B0-4F7C-BD12-D665922DF24D} = {EA777A76-C11D-473E-A97A-382489807E20}
		{A8CA16C7-BE54-4E5D-8735-979F48ED51F6} = {F366D73A-62B0-4F7C-BD12-D665922DF24D}
		{9A5AA4C8-0A26-401C-B21C-1F18AB5A2FEB} = {A8CA16C7-BE54-4E5D-8735-979F48ED51F6}
		{A410139B-9BFE-439F-864B-85E811F03432} = {EA777A76-C11D-473E-A97A-382489807E20}
		{09C2E93C-235E-4D74-8A17-371EAEDE2490} = {A410139B-9BFE-439F-864B-85E811F03432}
	EndGlobalSection
	GlobalSection(ExtensibilityGlobals) = postSolution
		SolutionGuid = {60B3D0F3-A415-4CB5-BA4A-190141CDB0CC}
	EndGlobalSection
EndGlobal
